
Microsoft Visual Studio Solution File, Format Version 12.00
# Visual Studio Version 16
VisualStudioVersion = 16.0.30523.141
MinimumVisualStudioVersion = 10.0.40219.1
Project("{FAE04EC0-301F-11D3-BF4B-00C04F79EFBC}") = "Patient_Record", "Patient_Record\Patient_Record.csproj", "{A6353293-49D3-441E-A8E5-F7A7410D68D9}"
EndProject
Global
	GlobalSection(SolutionConfigurationPlatforms) = preSolution
		Debug|Any CPU = Debug|Any CPU
		Release|Any CPU = Release|Any CPU
	EndGlobalSection
	GlobalSection(ProjectConfigurationPlatforms) = postSolution
		{A6353293-49D3-441E-A8E5-F7A7410D68D9}.Debug|Any CPU.ActiveCfg = Debug|Any CPU
		{A6353293-49D3-441E-A8E5-F7A7410D68D9}.Debug|Any CPU.Build.0 = Debug|Any CPU
		{A6353293-49D3-441E-A8E5-F7A7410D68D9}.Release|Any CPU.ActiveCfg = Release|Any CPU
		{A6353293-49D3-441E-A8E5-F7A7410D68D9}.Release|Any CPU.Build.0 = Release|Any CPU
	EndGlobalSection
	GlobalSection(SolutionProperties) = preSolution
		HideSolutionNode = FALSE
	EndGlobalSection
	GlobalSection(ExtensibilityGlobals) = postSolution
		SolutionGuid = {6701D5CF-95EA-4934-9577-28869EC1BFFB}
	EndGlobalSection
EndGlobal
